
Microsoft Visual Studio Solution File, Format Version 12.00
# Visual Studio 15
VisualStudioVersion = 15.0.26823.1
MinimumVisualStudioVersion = 10.0.40219.1
Project("{FAE04EC0-301F-11D3-BF4B-00C04F79EFBC}") = "SampleWebApp", "SampleWebApp\SampleWebApp.csproj", "{5F61D0DB-537B-4481-B9C5-E1501437C776}"
EndProject
Global
	GlobalSection(SolutionConfigurationPlatforms) = preSolution
		Debug|Any CPU = Debug|Any CPU
		Release|Any CPU = Release|Any CPU
	EndGlobalSection
	GlobalSection(ProjectConfigurationPlatforms) = postSolution
		{5F61D0DB-537B-4481-B9C5-E1501437C776}.Debug|Any CPU.ActiveCfg = Debug|Any CPU
		{5F61D0DB-537B-4481-B9C5-E1501437C776}.Debug|Any CPU.Build.0 = Debug|Any CPU
		{5F61D0DB-537B-4481-B9C5-E1501437C776}.Release|Any CPU.ActiveCfg = Release|Any CPU
		{5F61D0DB-537B-4481-B9C5-E1501437C776}.Release|Any CPU.Build.0 = Release|Any CPU
	EndGlobalSection
	GlobalSection(SolutionProperties) = preSolution
		HideSolutionNode = FALSE
	EndGlobalSection
	GlobalSection(ExtensibilityGlobals) = postSolution
		SolutionGuid = {E1B95609-D70C-4537-8483-225470DAAF03}
	EndGlobalSection
EndGlobal
